
Microsoft Visual Studio Solution File, Format Version 12.00
# Visual Studio 14
VisualStudioVersion = 14.0.25420.1
MinimumVisualStudioVersion = 10.0.40219.1
Project("{FAE04EC0-301F-11D3-BF4B-00C04F79EFBC}") = "Falcon.Common", "Falcon.Common\Falcon.Common.csproj", "{812A4275-7AFA-43DF-B581-74D68445DB94}"
EndProject
Project("{FAE04EC0-301F-11D3-BF4B-00C04F79EFBC}") = "Falcon.Data", "Falcon.Data\Falcon.Data.csproj", "{551ADD74-592A-4B33-B629-2F35886D6E1D}"
EndProject
Project("{FAE04EC0-301F-11D3-BF4B-00C04F79EFBC}") = "Falcon.Database", "Falcon.Database\Falcon.Database.csproj", "{A47D42FF-160B-4667-8A3E-4EBF025CAB6A}"
EndProject
Project("{FAE04EC0-301F-11D3-BF4B-00C04F79EFBC}") = "Falcon.Web.Common", "Falcon.Web.Common\Falcon.Web.Common.csproj", "{749D066B-57A0-49E7-8107-4DB2D1CFF935}"
EndProject
Project("{FAE04EC0-301F-11D3-BF4B-00C04F79EFBC}") = "Falcon.Web.Api", "Falcon.Web.Api\Falcon.Web.Api.csproj", "{666308FF-9D44-4422-A902-20DF74CD9BA7}"
EndProject
Project("{FAE04EC0-301F-11D3-BF4B-00C04F79EFBC}") = "Falcon.Web.Dashboard", "Falcon.Web.Dashboard\Falcon.Web.Dashboard.csproj", "{C84F4BBA-969F-429D-9DF2-CD273F930220}"
EndProject
Project("{2150E333-8FDC-42A3-9474-1A3956D46DE8}") = "Test", "Test", "{CE65EC65-CFA1-4024-AF91-BBC4519DDD58}"
EndProject
Project("{FAE04EC0-301F-11D3-BF4B-00C04F79EFBC}") = "Falcon.Web.Api.Test", "Falcon.Web.Api.Test\Falcon.Web.Api.Test.csproj", "{48EE9590-3BF9-4A12-9C9A-88E8CF13DAEB}"
EndProject
Project("{FAE04EC0-301F-11D3-BF4B-00C04F79EFBC}") = "Falcon.Web.Models", "Falcon.Web.Models\Falcon.Web.Models.csproj", "{E4A55063-CBC8-4B7F-A1A6-C4F70F789DF0}"
EndProject
Project("{FAE04EC0-301F-11D3-BF4B-00C04F79EFBC}") = "Falcon.EFCommonContext", "Falcon.EFCommonContext\Falcon.EFCommonContext.csproj", "{3C3DB492-5EC4-459A-9DC3-0C083277B6F4}"
EndProject
Project("{FAE04EC0-301F-11D3-BF4B-00C04F79EFBC}") = "Falcon.Web.Site", "Falcon.Web.Site\Falcon.Web.Site.csproj", "{D8E55F82-AEFE-4208-8FD6-4E693AA521BE}"
EndProject
Global
	GlobalSection(SolutionConfigurationPlatforms) = preSolution
		Debug|Any CPU = Debug|Any CPU
		Release|Any CPU = Release|Any CPU
	EndGlobalSection
	GlobalSection(ProjectConfigurationPlatforms) = postSolution
		{812A4275-7AFA-43DF-B581-74D68445DB94}.Debug|Any CPU.ActiveCfg = Debug|Any CPU
		{812A4275-7AFA-43DF-B581-74D68445DB94}.Debug|Any CPU.Build.0 = Debug|Any CPU
		{812A4275-7AFA-43DF-B581-74D68445DB94}.Release|Any CPU.ActiveCfg = Release|Any CPU
		{812A4275-7AFA-43DF-B581-74D68445DB94}.Release|Any CPU.Build.0 = Release|Any CPU
		{551ADD74-592A-4B33-B629-2F35886D6E1D}.Debug|Any CPU.ActiveCfg = Debug|Any CPU
		{551ADD74-592A-4B33-B629-2F35886D6E1D}.Debug|Any CPU.Build.0 = Debug|Any CPU
		{551ADD74-592A-4B33-B629-2F35886D6E1D}.Release|Any CPU.ActiveCfg = Release|Any CPU
		{551ADD74-592A-4B33-B629-2F35886D6E1D}.Release|Any CPU.Build.0 = Release|Any CPU
		{A47D42FF-160B-4667-8A3E-4EBF025CAB6A}.Debug|Any CPU.ActiveCfg = Debug|Any CPU
		{A47D42FF-160B-4667-8A3E-4EBF025CAB6A}.Debug|Any CPU.Build.0 = Debug|Any CPU
		{A47D42FF-160B-4667-8A3E-4EBF025CAB6A}.Release|Any CPU.ActiveCfg = Release|Any CPU
		{A47D42FF-160B-4667-8A3E-4EBF025CAB6A}.Release|Any CPU.Build.0 = Release|Any CPU
		{749D066B-57A0-49E7-8107-4DB2D1CFF935}.Debug|Any CPU.ActiveCfg = Debug|Any CPU
		{749D066B-57A0-49E7-8107-4DB2D1CFF935}.Debug|Any CPU.Build.0 = Debug|Any CPU
		{749D066B-57A0-49E7-8107-4DB2D1CFF935}.Release|Any CPU.ActiveCfg = Release|Any CPU
		{749D066B-57A0-49E7-8107-4DB2D1CFF935}.Release|Any CPU.Build.0 = Release|Any CPU
		{666308FF-9D44-4422-A902-20DF74CD9BA7}.Debug|Any CPU.ActiveCfg = Debug|Any CPU
		{666308FF-9D44-4422-A902-20DF74CD9BA7}.Debug|Any CPU.Build.0 = Debug|Any CPU
		{666308FF-9D44-4422-A902-20DF74CD9BA7}.Release|Any CPU.ActiveCfg = Release|Any CPU
		{666308FF-9D44-4422-A902-20DF74CD9BA7}.Release|Any CPU.Build.0 = Release|Any CPU
		{C84F4BBA-969F-429D-9DF2-CD273F930220}.Debug|Any CPU.ActiveCfg = Debug|Any CPU
		{C84F4BBA-969F-429D-9DF2-CD273F930220}.Debug|Any CPU.Build.0 = Debug|Any CPU
		{C84F4BBA-969F-429D-9DF2-CD273F930220}.Release|Any CPU.ActiveCfg = Release|Any CPU
		{C84F4BBA-969F-429D-9DF2-CD273F930220}.Release|Any CPU.Build.0 = Release|Any CPU
		{48EE9590-3BF9-4A12-9C9A-88E8CF13DAEB}.Debug|Any CPU.ActiveCfg = Debug|Any CPU
		{48EE9590-3BF9-4A12-9C9A-88E8CF13DAEB}.Debug|Any CPU.Build.0 = Debug|Any CPU
		{48EE9590-3BF9-4A12-9C9A-88E8CF13DAEB}.Release|Any CPU.ActiveCfg = Release|Any CPU
		{48EE9590-3BF9-4A12-9C9A-88E8CF13DAEB}.Release|Any CPU.Build.0 = Release|Any CPU
		{E4A55063-CBC8-4B7F-A1A6-C4F70F789DF0}.Debug|Any CPU.ActiveCfg = Debug|Any CPU
		{E4A55063-CBC8-4B7F-A1A6-C4F70F789DF0}.Debug|Any CPU.Build.0 = Debug|Any CPU
		{E4A55063-CBC8-4B7F-A1A6-C4F70F789DF0}.Release|Any CPU.ActiveCfg = Release|Any CPU
		{E4A55063-CBC8-4B7F-A1A6-C4F70F789DF0}.Release|Any CPU.Build.0 = Release|Any CPU
		{3C3DB492-5EC4-459A-9DC3-0C083277B6F4}.Debug|Any CPU.ActiveCfg = Debug|Any CPU
		{3C3DB492-5EC4-459A-9DC3-0C083277B6F4}.Debug|Any CPU.Build.0 = Debug|Any CPU
		{3C3DB492-5EC4-459A-9DC3-0C083277B6F4}.Release|Any CPU.ActiveCfg = Release|Any CPU
		{3C3DB492-5EC4-459A-9DC3-0C083277B6F4}.Release|Any CPU.Build.0 = Release|Any CPU
		{D8E55F82-AEFE-4208-8FD6-4E693AA521BE}.Debug|Any CPU.ActiveCfg = Debug|Any CPU
		{D8E55F82-AEFE-4208-8FD6-4E693AA521BE}.Debug|Any CPU.Build.0 = Debug|Any CPU
		{D8E55F82-AEFE-4208-8FD6-4E693AA521BE}.Release|Any CPU.ActiveCfg = Release|Any CPU
		{D8E55F82-AEFE-4208-8FD6-4E693AA521BE}.Release|Any CPU.Build.0 = Release|Any CPU
	EndGlobalSection
	GlobalSection(SolutionProperties) = preSolution
		HideSolutionNode = FALSE
	EndGlobalSection
	GlobalSection(NestedProjects) = preSolution
		{48EE9590-3BF9-4A12-9C9A-88E8CF13DAEB} = {CE65EC65-CFA1-4024-AF91-BBC4519DDD58}
	EndGlobalSection
EndGlobal
